<?xml version="1.0" encoding="UTF-8" standalone="yes" ?>
<CodeBlocks_project_file>
	<FileVersion major="1" minor="6" />
	<Project>
		<Option title="Cancer" />
		<Option pch_mode="2" />
		<Option compiler="microsoft_visual_c_2012" />
		<Build>
			<Target title="Debug">
				<Option output="bin/Cancer" prefix_auto="1" extension_auto="1" />
				<Option working_dir="bin/" />
				<Option object_output="obj/Debug/" />
				<Option type="1" />
				<Option compiler="microsoft_visual_c_2012" />
				<Compiler>
					<Add option="/DL_Debug" />
				</Compiler>
			</Target>
			<Target title="Release">
				<Option output="bin/Cancer" prefix_auto="1" extension_auto="1" />
				<Option working_dir="bin/" />
				<Option object_output="obj/Release/" />
				<Option type="1" />
				<Option compiler="microsoft_visual_c_2012" />
				<Option use_console_runner="0" />
				<Compiler>
					<Add option="/Ox" />
				</Compiler>
			</Target>
		</Build>
		<Compiler>
			<Add option="/DGLEW_STATIC" />
			<Add option="/DUNICODE" />
		</Compiler>
		<Linker>
			<Add library="L" />
			<Add library="glu32" />
			<Add library="gdi32" />
			<Add library="user32" />
			<Add library="ws2_32" />
			<Add library="opengl32" />
			<Add library="glew32" />
			<Add library="winmm" />
			<Add library="AkMemoryMgr" />
			<Add library="AkSoundEngine" />
			<Add library="AkMusicEngine" />
			<Add library="AkStreamMgr" />
			<Add library="CommunicationCentral" />
			<Add library="ole32" />
			<Add library="oleaut32" />
			<Add library="d3d9" />
			<Add library="dsound" />
			<Add library="dxguid" />
			<Add library="freetype" />
			<Add library="libpng" />
		</Linker>
		<Unit filename="Automaton.cpp" />
		<Unit filename="Automaton.h" />
		<Unit filename="Chunk.cpp" />
		<Unit filename="Chunk.h" />
		<Unit filename="ChunkMesher.cpp" />
		<Unit filename="ChunkMesher.h" />
		<Unit filename="Voxel.cpp" />
		<Unit filename="Voxel.h" />
		<Unit filename="World.cpp" />
		<Unit filename="World.h" />
		<Unit filename="main.cpp" />
		<Unit filename="shapes.h" />
		<Unit filename="shapes/Curve.cpp" />
		<Unit filename="shapes/Curve.h" />
		<Unit filename="shapes/Line.cpp" />
		<Unit filename="shapes/Line.h" />
		<Unit filename="shapes/Shape.h" />
		<Unit filename="shapes/Sphere.cpp" />
		<Unit filename="shapes/Sphere.h" />
		<Unit filename="shapes/Triangle.cpp" />
		<Unit filename="shapes/Triangle.h" />
		<Extensions>
			<code_completion />
			<debugger />
			<envvars />
		</Extensions>
	</Project>
</CodeBlocks_project_file>
